
Microsoft Visual Studio Solution File, Format Version 12.00
# Visual Studio Version 17
VisualStudioVersion = 17.14.36127.28 d17.14
MinimumVisualStudioVersion = 10.0.40219.1
Project("{FAE04EC0-301F-11D3-BF4B-00C04F79EFBC}") = "TestEvents", "TestEvents.csproj", "{964BA5EF-3998-4184-B3EC-0CB69F17AE28}"
EndProject
Global
	GlobalSection(SolutionConfigurationPlatforms) = preSolution
		Debug|Any CPU = Debug|Any CPU
		Release|Any CPU = Release|Any CPU
	EndGlobalSection
	GlobalSection(ProjectConfigurationPlatforms) = postSolution
		{964BA5EF-3998-4184-B3EC-0CB69F17AE28}.Debug|Any CPU.ActiveCfg = Debug|Any CPU
		{964BA5EF-3998-4184-B3EC-0CB69F17AE28}.Debug|Any CPU.Build.0 = Debug|Any CPU
		{964BA5EF-3998-4184-B3EC-0CB69F17AE28}.Release|Any CPU.ActiveCfg = Release|Any CPU
		{964BA5EF-3998-4184-B3EC-0CB69F17AE28}.Release|Any CPU.Build.0 = Release|Any CPU
	EndGlobalSection
	GlobalSection(SolutionProperties) = preSolution
		HideSolutionNode = FALSE
	EndGlobalSection
	GlobalSection(ExtensibilityGlobals) = postSolution
		SolutionGuid = {99211B65-65C3-4AF6-B27A-2E8E4B95D2ED}
	EndGlobalSection
EndGlobal
